
Microsoft Visual Studio Solution File, Format Version 12.00
# Visual Studio Version 17
VisualStudioVersion = 17.3.32922.545
MinimumVisualStudioVersion = 10.0.40219.1
Project("{FAE04EC0-301F-11D3-BF4B-00C04F79EFBC}") = "WindowsFormsApp1", "WindowsFormsApp1\WindowsFormsApp1.csproj", "{C0199E7B-81EC-4FFF-8D7D-B67EE9F3510B}"
EndProject
Global
	GlobalSection(SolutionConfigurationPlatforms) = preSolution
		Debug|Any CPU = Debug|Any CPU
		Release|Any CPU = Release|Any CPU
	EndGlobalSection
	GlobalSection(ProjectConfigurationPlatforms) = postSolution
		{C0199E7B-81EC-4FFF-8D7D-B67EE9F3510B}.Debug|Any CPU.ActiveCfg = Debug|Any CPU
		{C0199E7B-81EC-4FFF-8D7D-B67EE9F3510B}.Debug|Any CPU.Build.0 = Debug|Any CPU
		{C0199E7B-81EC-4FFF-8D7D-B67EE9F3510B}.Release|Any CPU.ActiveCfg = Release|Any CPU
		{C0199E7B-81EC-4FFF-8D7D-B67EE9F3510B}.Release|Any CPU.Build.0 = Release|Any CPU
	EndGlobalSection
	GlobalSection(SolutionProperties) = preSolution
		HideSolutionNode = FALSE
	EndGlobalSection
	GlobalSection(ExtensibilityGlobals) = postSolution
		SolutionGuid = {B0EF9F44-9E86-40A2-8313-D6C6310B16B2}
	EndGlobalSection
EndGlobal
